
Microsoft Visual Studio Solution File, Format Version 12.00
# Visual Studio Version 17
VisualStudioVersion = 17.1.32421.90
MinimumVisualStudioVersion = 10.0.40219.1
Project("{FAE04EC0-301F-11D3-BF4B-00C04F79EFBC}") = "CodeFirst", "CodeFirst\CodeFirst.csproj", "{0BD6FF49-6128-4F0A-B54D-7C0973BE0C7A}"
EndProject
Project("{FAE04EC0-301F-11D3-BF4B-00C04F79EFBC}") = "Entities", "Entities\Entities.csproj", "{3A33A633-CC9C-4465-8AF3-8EF4F71AF9D7}"
EndProject
Project("{FAE04EC0-301F-11D3-BF4B-00C04F79EFBC}") = "DataAccess", "DataAccess\DataAccess.csproj", "{B892AFE5-1952-4390-B442-B81E8CCA669B}"
EndProject
Global
	GlobalSection(SolutionConfigurationPlatforms) = preSolution
		Debug|Any CPU = Debug|Any CPU
		Release|Any CPU = Release|Any CPU
	EndGlobalSection
	GlobalSection(ProjectConfigurationPlatforms) = postSolution
		{0BD6FF49-6128-4F0A-B54D-7C0973BE0C7A}.Debug|Any CPU.ActiveCfg = Debug|Any CPU
		{0BD6FF49-6128-4F0A-B54D-7C0973BE0C7A}.Debug|Any CPU.Build.0 = Debug|Any CPU
		{0BD6FF49-6128-4F0A-B54D-7C0973BE0C7A}.Release|Any CPU.ActiveCfg = Release|Any CPU
		{0BD6FF49-6128-4F0A-B54D-7C0973BE0C7A}.Release|Any CPU.Build.0 = Release|Any CPU
		{3A33A633-CC9C-4465-8AF3-8EF4F71AF9D7}.Debug|Any CPU.ActiveCfg = Debug|Any CPU
		{3A33A633-CC9C-4465-8AF3-8EF4F71AF9D7}.Debug|Any CPU.Build.0 = Debug|Any CPU
		{3A33A633-CC9C-4465-8AF3-8EF4F71AF9D7}.Release|Any CPU.ActiveCfg = Release|Any CPU
		{3A33A633-CC9C-4465-8AF3-8EF4F71AF9D7}.Release|Any CPU.Build.0 = Release|Any CPU
		{B892AFE5-1952-4390-B442-B81E8CCA669B}.Debug|Any CPU.ActiveCfg = Debug|Any CPU
		{B892AFE5-1952-4390-B442-B81E8CCA669B}.Debug|Any CPU.Build.0 = Debug|Any CPU
		{B892AFE5-1952-4390-B442-B81E8CCA669B}.Release|Any CPU.ActiveCfg = Release|Any CPU
		{B892AFE5-1952-4390-B442-B81E8CCA669B}.Release|Any CPU.Build.0 = Release|Any CPU
	EndGlobalSection
	GlobalSection(SolutionProperties) = preSolution
		HideSolutionNode = FALSE
	EndGlobalSection
	GlobalSection(ExtensibilityGlobals) = postSolution
		SolutionGuid = {5075DF41-43B2-460D-A85E-72ADAC301113}
	EndGlobalSection
EndGlobal
